{
  "name": "survey_frontend",
  "lockfileVersion": 3,
  "requires": true,
  "packages": {
    "": {
      "dependencies": {
        "sweetalert2": "^11.16.0"
      }
    },
    "node_modules/sweetalert2": {
      "version": "11.16.0",
      "resolved": "https://registry.npmjs.org/sweetalert2/-/sweetalert2-11.16.0.tgz",
      "integrity": "sha512-4CGgNMpQHcwV+Gov0j4u3lDc/5lyl04NBsa1vW0Se9cqsrQoUimD6/Z5UyZiRP4kMbwQGyb7wsp0x3ytybti6w==",
      "license": "MIT",
      "funding": {
        "type": "individual",
        "url": "https://github.com/sponsors/limonte"
      }
    }
  }
}
